# This file is autogenerated, do not edit; changes may be undone by the next 'dep ensure'.


[[projects]]
  digest = "1:c08f898868838e16e9f6caa00ea6eeb2bcbfcd8a374f602c3e3b305092079a3f"
  name = "github.com/cbroglie/mustache"
  packages = ["."]
  pruneopts = "UT"
  revision = "eb931a9d20042e51d8a3a9ad5a9ba9bc8282c564"
  version = "v1.0.1"

[[projects]]
  branch = "master"
  digest = "1:1ba1d79f2810270045c328ae5d674321db34e3aae468eb4233883b473c5c0467"
  name = "github.com/golang/glog"
  packages = ["."]
  pruneopts = "UT"
  revision = "23def4e6c14b4da8ac2ed8007337bc5eb5007998"

[[projects]]
  digest = "1:870d441fe217b8e689d7949fef6e43efbc787e50f200cb1e70dbca9204a1d6be"
  name = "github.com/inconshreveable/mousetrap"
  packages = ["."]
  pruneopts = "UT"
  revision = "76626ae9c91c4f2a10f34cad8ce83ea42c93bb75"
  version = "v1.0"

[[projects]]
  branch = "release-3.11"
  digest = "1:734455e377b7dca8b2a3ec4dc6f51b22cf0aba3d5d22535bdb1390c4e9f2d07b"
  name = "github.com/openshift/library-go"
  packages = ["pkg/git"]
  pruneopts = "UT"
  revision = "0b8367a4679859036c27a30dbe010d76409e7075"

[[projects]]
  digest = "1:fec9eabf5d732189321cf8a0187a8dbf61c753efe39c43041f1e8228600b7700"
  name = "github.com/openshift/source-to-image"
  packages = [
    "pkg/errors",
    "pkg/scm/git",
    "pkg/util/cmd",
    "pkg/util/cygpath",
    "pkg/util/fs",
    "pkg/util/glog",
  ]
  pruneopts = "UT"
  revision = "78a76d9704793852ec10829cb00b331fd6054758"
  version = "v1.1.11"

[[projects]]
  digest = "1:645cabccbb4fa8aab25a956cbcbdf6a6845ca736b2c64e197ca7cbb9d210b939"
  name = "github.com/spf13/cobra"
  packages = ["."]
  pruneopts = "UT"
  revision = "ef82de70bb3f60c65fb8eebacbb2d122ef517385"
  version = "v0.0.3"

[[projects]]
  digest = "1:c1b1102241e7f645bc8e0c22ae352e8f0dc6484b6cb4d132fa9f24174e0119e2"
  name = "github.com/spf13/pflag"
  packages = ["."]
  pruneopts = "UT"
  revision = "298182f68c66c05229eb03ac171abe6e309ee79a"
  version = "v1.0.3"

[solve-meta]
  analyzer-name = "dep"
  analyzer-version = 1
  input-imports = [
    "github.com/cbroglie/mustache",
    "github.com/openshift/library-go/pkg/git",
    "github.com/openshift/source-to-image/pkg/scm/git",
    "github.com/spf13/cobra",
  ]
  solver-name = "gps-cdcl"
  solver-version = 1
